
Microsoft Visual Studio Solution File, Format Version 12.00
# Visual Studio Version 17
VisualStudioVersion = 17.2.32516.85
MinimumVisualStudioVersion = 10.0.40219.1
Project("{9A19103F-16F7-4668-BE54-9A1E7A4F7556}") = "Catalog.API.Web", "Catalog.API.Web\Catalog.API.Web.csproj", "{B2D12725-57E5-4197-AA74-2C6EB8CC816B}"
EndProject
Project("{9A19103F-16F7-4668-BE54-9A1E7A4F7556}") = "Catalog.Auth", "Catalog.Auth\Catalog.Auth.csproj", "{363854AC-F122-4A3C-AD8A-03540701213E}"
EndProject
Project("{9A19103F-16F7-4668-BE54-9A1E7A4F7556}") = "Catalog.Gateway", "Catalog.Gateway\Catalog.Gateway.csproj", "{67BDE7C3-6A0F-4439-A878-0C6A8EBBAFDB}"
	ProjectSection(ProjectDependencies) = postProject
		{363854AC-F122-4A3C-AD8A-03540701213E} = {363854AC-F122-4A3C-AD8A-03540701213E}
		{B2D12725-57E5-4197-AA74-2C6EB8CC816B} = {B2D12725-57E5-4197-AA74-2C6EB8CC816B}
	EndProjectSection
EndProject
Project("{2150E333-8FDC-42A3-9474-1A3956D46DE8}") = "Solution Items", "Solution Items", "{277F72CF-F60C-4DFD-A5E8-C4DDC061BFDA}"
	ProjectSection(SolutionItems) = preProject
		Directory.Build.props = Directory.Build.props
		Directory.Packages.props = Directory.Packages.props
		NuGet.config = NuGet.config
		docker-compose.yml = docker-compose.yml
		global.json = global.json
	EndProjectSection
EndProject
Project("{9A19103F-16F7-4668-BE54-9A1E7A4F7556}") = "Catalog.API.Domain", "Catalog.API.Domain\Catalog.API.Domain.csproj", "{A9A25ACC-9549-491D-9E02-C4EB463F5E28}"
EndProject
Project("{9A19103F-16F7-4668-BE54-9A1E7A4F7556}") = "Catalog.API.Application", "Catalog.API.Application\Catalog.API.Application.csproj", "{A6F917AE-4F73-49AD-A480-20BDCDA43A8F}"
EndProject
Project("{9A19103F-16F7-4668-BE54-9A1E7A4F7556}") = "Catalog.API.Infrastructure", "Catalog.API.Infrastructure\Catalog.API.Infrastructure.csproj", "{80C240FB-8A2F-4A2A-BFD5-C1CF9F60759B}"
EndProject
Project("{9A19103F-16F7-4668-BE54-9A1E7A4F7556}") = "Catalog.ServiceDefaults", "Catalog.ServiceDefaults\Catalog.ServiceDefaults.csproj", "{AE1586BB-7E9B-4F60-A231-ED3F83E8F9E4}"
EndProject
Project("{FAE04EC0-301F-11D3-BF4B-00C04F79EFBC}") = "Catalog.AppHost", "Catalog.AppHost\Catalog.AppHost.csproj", "{F4A2D094-07FD-40FA-BEC8-97D20F661363}"
EndProject
Global
	GlobalSection(SolutionConfigurationPlatforms) = preSolution
		Debug|Any CPU = Debug|Any CPU
		Release|Any CPU = Release|Any CPU
	EndGlobalSection
	GlobalSection(ProjectConfigurationPlatforms) = postSolution
		{B2D12725-57E5-4197-AA74-2C6EB8CC816B}.Debug|Any CPU.ActiveCfg = Debug|Any CPU
		{B2D12725-57E5-4197-AA74-2C6EB8CC816B}.Debug|Any CPU.Build.0 = Debug|Any CPU
		{B2D12725-57E5-4197-AA74-2C6EB8CC816B}.Release|Any CPU.ActiveCfg = Release|Any CPU
		{B2D12725-57E5-4197-AA74-2C6EB8CC816B}.Release|Any CPU.Build.0 = Release|Any CPU
		{363854AC-F122-4A3C-AD8A-03540701213E}.Debug|Any CPU.ActiveCfg = Debug|Any CPU
		{363854AC-F122-4A3C-AD8A-03540701213E}.Debug|Any CPU.Build.0 = Debug|Any CPU
		{363854AC-F122-4A3C-AD8A-03540701213E}.Release|Any CPU.ActiveCfg = Release|Any CPU
		{363854AC-F122-4A3C-AD8A-03540701213E}.Release|Any CPU.Build.0 = Release|Any CPU
		{67BDE7C3-6A0F-4439-A878-0C6A8EBBAFDB}.Debug|Any CPU.ActiveCfg = Debug|Any CPU
		{67BDE7C3-6A0F-4439-A878-0C6A8EBBAFDB}.Debug|Any CPU.Build.0 = Debug|Any CPU
		{67BDE7C3-6A0F-4439-A878-0C6A8EBBAFDB}.Release|Any CPU.ActiveCfg = Release|Any CPU
		{67BDE7C3-6A0F-4439-A878-0C6A8EBBAFDB}.Release|Any CPU.Build.0 = Release|Any CPU
		{A9A25ACC-9549-491D-9E02-C4EB463F5E28}.Debug|Any CPU.ActiveCfg = Debug|Any CPU
		{A9A25ACC-9549-491D-9E02-C4EB463F5E28}.Debug|Any CPU.Build.0 = Debug|Any CPU
		{A9A25ACC-9549-491D-9E02-C4EB463F5E28}.Release|Any CPU.ActiveCfg = Release|Any CPU
		{A9A25ACC-9549-491D-9E02-C4EB463F5E28}.Release|Any CPU.Build.0 = Release|Any CPU
		{A6F917AE-4F73-49AD-A480-20BDCDA43A8F}.Debug|Any CPU.ActiveCfg = Debug|Any CPU
		{A6F917AE-4F73-49AD-A480-20BDCDA43A8F}.Debug|Any CPU.Build.0 = Debug|Any CPU
		{A6F917AE-4F73-49AD-A480-20BDCDA43A8F}.Release|Any CPU.ActiveCfg = Release|Any CPU
		{A6F917AE-4F73-49AD-A480-20BDCDA43A8F}.Release|Any CPU.Build.0 = Release|Any CPU
		{80C240FB-8A2F-4A2A-BFD5-C1CF9F60759B}.Debug|Any CPU.ActiveCfg = Debug|Any CPU
		{80C240FB-8A2F-4A2A-BFD5-C1CF9F60759B}.Debug|Any CPU.Build.0 = Debug|Any CPU
		{80C240FB-8A2F-4A2A-BFD5-C1CF9F60759B}.Release|Any CPU.ActiveCfg = Release|Any CPU
		{80C240FB-8A2F-4A2A-BFD5-C1CF9F60759B}.Release|Any CPU.Build.0 = Release|Any CPU
		{AE1586BB-7E9B-4F60-A231-ED3F83E8F9E4}.Debug|Any CPU.ActiveCfg = Debug|Any CPU
		{AE1586BB-7E9B-4F60-A231-ED3F83E8F9E4}.Debug|Any CPU.Build.0 = Debug|Any CPU
		{AE1586BB-7E9B-4F60-A231-ED3F83E8F9E4}.Release|Any CPU.ActiveCfg = Release|Any CPU
		{AE1586BB-7E9B-4F60-A231-ED3F83E8F9E4}.Release|Any CPU.Build.0 = Release|Any CPU
		{F4A2D094-07FD-40FA-BEC8-97D20F661363}.Debug|Any CPU.ActiveCfg = Debug|Any CPU
		{F4A2D094-07FD-40FA-BEC8-97D20F661363}.Debug|Any CPU.Build.0 = Debug|Any CPU
		{F4A2D094-07FD-40FA-BEC8-97D20F661363}.Release|Any CPU.ActiveCfg = Release|Any CPU
		{F4A2D094-07FD-40FA-BEC8-97D20F661363}.Release|Any CPU.Build.0 = Release|Any CPU
	EndGlobalSection
	GlobalSection(SolutionProperties) = preSolution
		HideSolutionNode = FALSE
	EndGlobalSection
	GlobalSection(ExtensibilityGlobals) = postSolution
		SolutionGuid = {4C180F90-CDEE-492F-B37A-C8AF119106D0}
	EndGlobalSection
EndGlobal
